
Microsoft Visual Studio Solution File, Format Version 12.00
# Visual Studio 15
Project("{FAE04EC0-301F-11D3-BF4B-00C04F79EFBC}") = "BacktrackrXA.iOS", "BacktrackrXA.iOS\BacktrackrXA.iOS.csproj", "{8F7B8D30-091D-4867-B7FD-7A73A229D571}"
EndProject
Project("{FAE04EC0-301F-11D3-BF4B-00C04F79EFBC}") = "BacktrackrXA", "BacktrackrXA\BacktrackrXA.csproj", "{509E960D-BDDD-417A-A998-FEB528227805}"
EndProject
Global
	GlobalSection(SolutionConfigurationPlatforms) = preSolution
		Debug|iPhoneSimulator = Debug|iPhoneSimulator
		Release|iPhoneSimulator = Release|iPhoneSimulator
		Debug|iPhone = Debug|iPhone
		Release|iPhone = Release|iPhone
		Debug|Any CPU = Debug|Any CPU
		Release|Any CPU = Release|Any CPU
	EndGlobalSection
	GlobalSection(ProjectConfigurationPlatforms) = postSolution
		{8F7B8D30-091D-4867-B7FD-7A73A229D571}.Debug|iPhoneSimulator.ActiveCfg = Debug|iPhoneSimulator
		{8F7B8D30-091D-4867-B7FD-7A73A229D571}.Debug|iPhoneSimulator.Build.0 = Debug|iPhoneSimulator
		{8F7B8D30-091D-4867-B7FD-7A73A229D571}.Release|iPhoneSimulator.ActiveCfg = Release|iPhoneSimulator
		{8F7B8D30-091D-4867-B7FD-7A73A229D571}.Release|iPhoneSimulator.Build.0 = Release|iPhoneSimulator
		{8F7B8D30-091D-4867-B7FD-7A73A229D571}.Debug|iPhone.ActiveCfg = Debug|iPhone
		{8F7B8D30-091D-4867-B7FD-7A73A229D571}.Debug|iPhone.Build.0 = Debug|iPhone
		{8F7B8D30-091D-4867-B7FD-7A73A229D571}.Release|iPhone.ActiveCfg = Release|iPhone
		{8F7B8D30-091D-4867-B7FD-7A73A229D571}.Release|iPhone.Build.0 = Release|iPhone
		{8F7B8D30-091D-4867-B7FD-7A73A229D571}.Debug|Any CPU.ActiveCfg = Debug|iPhoneSimulator
		{8F7B8D30-091D-4867-B7FD-7A73A229D571}.Debug|Any CPU.Build.0 = Debug|iPhoneSimulator
		{8F7B8D30-091D-4867-B7FD-7A73A229D571}.Release|Any CPU.ActiveCfg = Release|iPhoneSimulator
		{8F7B8D30-091D-4867-B7FD-7A73A229D571}.Release|Any CPU.Build.0 = Release|iPhoneSimulator
		{509E960D-BDDD-417A-A998-FEB528227805}.Debug|iPhoneSimulator.ActiveCfg = Debug|Any CPU
		{509E960D-BDDD-417A-A998-FEB528227805}.Debug|iPhoneSimulator.Build.0 = Debug|Any CPU
		{509E960D-BDDD-417A-A998-FEB528227805}.Release|iPhoneSimulator.ActiveCfg = Release|Any CPU
		{509E960D-BDDD-417A-A998-FEB528227805}.Release|iPhoneSimulator.Build.0 = Release|Any CPU
		{509E960D-BDDD-417A-A998-FEB528227805}.Debug|iPhone.ActiveCfg = Debug|Any CPU
		{509E960D-BDDD-417A-A998-FEB528227805}.Debug|iPhone.Build.0 = Debug|Any CPU
		{509E960D-BDDD-417A-A998-FEB528227805}.Release|iPhone.ActiveCfg = Release|Any CPU
		{509E960D-BDDD-417A-A998-FEB528227805}.Release|iPhone.Build.0 = Release|Any CPU
		{509E960D-BDDD-417A-A998-FEB528227805}.Debug|Any CPU.ActiveCfg = Debug|Any CPU
		{509E960D-BDDD-417A-A998-FEB528227805}.Debug|Any CPU.Build.0 = Debug|Any CPU
		{509E960D-BDDD-417A-A998-FEB528227805}.Release|Any CPU.ActiveCfg = Release|Any CPU
		{509E960D-BDDD-417A-A998-FEB528227805}.Release|Any CPU.Build.0 = Release|Any CPU
	EndGlobalSection
EndGlobal
